
Microsoft Visual Studio Solution File, Format Version 12.00
# Visual Studio Version 17
VisualStudioVersion = 17.3.32929.385
MinimumVisualStudioVersion = 10.0.40219.1
Project("{FAE04EC0-301F-11D3-BF4B-00C04F79EFBC}") = "RazorPagesAriulesanne", "RazorPagesAriulesanne\RazorPagesAriulesanne.csproj", "{072A005A-2058-4A0E-BD6C-DB2F1EB78D42}"
EndProject
Global
	GlobalSection(SolutionConfigurationPlatforms) = preSolution
		Debug|Any CPU = Debug|Any CPU
		Release|Any CPU = Release|Any CPU
	EndGlobalSection
	GlobalSection(ProjectConfigurationPlatforms) = postSolution
		{072A005A-2058-4A0E-BD6C-DB2F1EB78D42}.Debug|Any CPU.ActiveCfg = Debug|Any CPU
		{072A005A-2058-4A0E-BD6C-DB2F1EB78D42}.Debug|Any CPU.Build.0 = Debug|Any CPU
		{072A005A-2058-4A0E-BD6C-DB2F1EB78D42}.Release|Any CPU.ActiveCfg = Release|Any CPU
		{072A005A-2058-4A0E-BD6C-DB2F1EB78D42}.Release|Any CPU.Build.0 = Release|Any CPU
	EndGlobalSection
	GlobalSection(SolutionProperties) = preSolution
		HideSolutionNode = FALSE
	EndGlobalSection
	GlobalSection(ExtensibilityGlobals) = postSolution
		SolutionGuid = {1DE41FAD-ACD4-46E0-A2D2-7DDCA4594806}
	EndGlobalSection
EndGlobal
